
Microsoft Visual Studio Solution File, Format Version 12.00
# Visual Studio Version 16
VisualStudioVersion = 16.0.30523.141
MinimumVisualStudioVersion = 10.0.40219.1
Project("{FAE04EC0-301F-11D3-BF4B-00C04F79EFBC}") = "interfejspro", "interfejspro\interfejspro.csproj", "{F98F4035-3772-463A-96A5-D84E418DF7BB}"
EndProject
Global
	GlobalSection(SolutionConfigurationPlatforms) = preSolution
		Debug|Any CPU = Debug|Any CPU
		Release|Any CPU = Release|Any CPU
	EndGlobalSection
	GlobalSection(ProjectConfigurationPlatforms) = postSolution
		{F98F4035-3772-463A-96A5-D84E418DF7BB}.Debug|Any CPU.ActiveCfg = Debug|Any CPU
		{F98F4035-3772-463A-96A5-D84E418DF7BB}.Debug|Any CPU.Build.0 = Debug|Any CPU
		{F98F4035-3772-463A-96A5-D84E418DF7BB}.Release|Any CPU.ActiveCfg = Release|Any CPU
		{F98F4035-3772-463A-96A5-D84E418DF7BB}.Release|Any CPU.Build.0 = Release|Any CPU
	EndGlobalSection
	GlobalSection(SolutionProperties) = preSolution
		HideSolutionNode = FALSE
	EndGlobalSection
	GlobalSection(ExtensibilityGlobals) = postSolution
		SolutionGuid = {3DCA67BE-62A5-4BD4-9142-42C68CDD5BED}
	EndGlobalSection
EndGlobal
